// !$*UTF8*$!
{
	archiveVersion = 1;
	classes = {
	};
	objectVersion = 46;
	objects = {

/* Begin PBXBuildFile section */
		4C47ED581DD65FD200FC554B /* User.swift in Sources */ = {isa = PBXBuildFile; fileRef = 4C47ED571DD65FD200FC554B /* User.swift */; };
		4C6F4FE61DC692DF00908062 /* StudentTableViewController.swift in Sources */ = {isa = PBXBuildFile; fileRef = 4C6F4FE51DC692DF00908062 /* StudentTableViewController.swift */; };
		4C83AA4E1DCB9042003478B4 /* StudentMapViewController.swift in Sources */ = {isa = PBXBuildFile; fileRef = 4C83AA4D1DCB9042003478B4 /* StudentMapViewController.swift */; };
		4C83AA501DCBAF8A003478B4 /* Student.swift in Sources */ = {isa = PBXBuildFile; fileRef = 4C83AA4F1DCBAF8A003478B4 /* Student.swift */; };
		4C876F221DC2803200B21C65 /* LoginViewController.swift in Sources */ = {isa = PBXBuildFile; fileRef = 4C876F211DC2803200B21C65 /* LoginViewController.swift */; };
		4C96A4761DC1A45A00139E5D /* AppDelegate.swift in Sources */ = {isa = PBXBuildFile; fileRef = 4C96A4751DC1A45A00139E5D /* AppDelegate.swift */; };
		4C96A47B1DC1A45A00139E5D /* Main.storyboard in Resources */ = {isa = PBXBuildFile; fileRef = 4C96A4791DC1A45A00139E5D /* Main.storyboard */; };
		4C96A47D1DC1A45A00139E5D /* Assets.xcassets in Resources */ = {isa = PBXBuildFile; fileRef = 4C96A47C1DC1A45A00139E5D /* Assets.xcassets */; };
		4C96A4801DC1A45A00139E5D /* LaunchScreen.storyboard in Resources */ = {isa = PBXBuildFile; fileRef = 4C96A47E1DC1A45A00139E5D /* LaunchScreen.storyboard */; };
		4CD35B741DC937DB0078225F /* UdacityClient.swift in Sources */ = {isa = PBXBuildFile; fileRef = 4CD35B731DC937DB0078225F /* UdacityClient.swift */; };
		4CD35B761DC938650078225F /* UdacityConstants.swift in Sources */ = {isa = PBXBuildFile; fileRef = 4CD35B751DC938650078225F /* UdacityConstants.swift */; };
		4CDAE3C91DD3817D004AFDAC /* SubmitButton.swift in Sources */ = {isa = PBXBuildFile; fileRef = 4CDAE3C81DD3817D004AFDAC /* SubmitButton.swift */; };
		4CF50DB11DC2825F006E1894 /* LoginButton.swift in Sources */ = {isa = PBXBuildFile; fileRef = 4CF50DB01DC2825F006E1894 /* LoginButton.swift */; };
		4CF7C6FA1DD2455A003908BE /* RotateImage.swift in Sources */ = {isa = PBXBuildFile; fileRef = 4CF7C6F91DD2455A003908BE /* RotateImage.swift */; };
		4CF7C6FC1DD288B5003908BE /* InformationPostingViewController.swift in Sources */ = {isa = PBXBuildFile; fileRef = 4CF7C6FB1DD288B5003908BE /* InformationPostingViewController.swift */; };
		4CF7C6FE1DD374BF003908BE /* FindOnMapButton.swift in Sources */ = {isa = PBXBuildFile; fileRef = 4CF7C6FD1DD374BF003908BE /* FindOnMapButton.swift */; };
		4CFAA4DA1DCD183400AED165 /* StudentTableViewCell.swift in Sources */ = {isa = PBXBuildFile; fileRef = 4CFAA4D91DCD183400AED165 /* StudentTableViewCell.swift */; };
		4CFCA3C21DD8E6CC004BDEFA /* UdacityConvienence.swift in Sources */ = {isa = PBXBuildFile; fileRef = 4CFCA3C11DD8E6CC004BDEFA /* UdacityConvienence.swift */; };
/* End PBXBuildFile section */

/* Begin PBXFileReference section */
		4C47ED571DD65FD200FC554B /* User.swift */ = {isa = PBXFileReference; fileEncoding = 4; lastKnownFileType = sourcecode.swift; path = User.swift; sourceTree = "<group>"; };
		4C6F4FE51DC692DF00908062 /* StudentTableViewController.swift */ = {isa = PBXFileReference; fileEncoding = 4; lastKnownFileType = sourcecode.swift; path = StudentTableViewController.swift; sourceTree = "<group>"; };
		4C83AA4D1DCB9042003478B4 /* StudentMapViewController.swift */ = {isa = PBXFileReference; fileEncoding = 4; lastKnownFileType = sourcecode.swift; path = StudentMapViewController.swift; sourceTree = "<group>"; };
		4C83AA4F1DCBAF8A003478B4 /* Student.swift */ = {isa = PBXFileReference; fileEncoding = 4; lastKnownFileType = sourcecode.swift; path = Student.swift; sourceTree = "<group>"; };
		4C876F211DC2803200B21C65 /* LoginViewController.swift */ = {isa = PBXFileReference; fileEncoding = 4; lastKnownFileType = sourcecode.swift; path = LoginViewController.swift; sourceTree = "<group>"; };
		4C96A4721DC1A45A00139E5D /* On The Map.app */ = {isa = PBXFileReference; explicitFileType = wrapper.application; includeInIndex = 0; path = "On The Map.app"; sourceTree = BUILT_PRODUCTS_DIR; };
		4C96A4751DC1A45A00139E5D /* AppDelegate.swift */ = {isa = PBXFileReference; lastKnownFileType = sourcecode.swift; path = AppDelegate.swift; sourceTree = "<group>"; };
		4C96A47A1DC1A45A00139E5D /* Base */ = {isa = PBXFileReference; lastKnownFileType = file.storyboard; name = Base; path = Base.lproj/Main.storyboard; sourceTree = "<group>"; };
		4C96A47C1DC1A45A00139E5D /* Assets.xcassets */ = {isa = PBXFileReference; lastKnownFileType = folder.assetcatalog; path = Assets.xcassets; sourceTree = "<group>"; };
		4C96A47F1DC1A45A00139E5D /* Base */ = {isa = PBXFileReference; lastKnownFileType = file.storyboard; name = Base; path = Base.lproj/LaunchScreen.storyboard; sourceTree = "<group>"; };
		4C96A4811DC1A45A00139E5D /* Info.plist */ = {isa = PBXFileReference; lastKnownFileType = text.plist.xml; path = Info.plist; sourceTree = "<group>"; };
		4CD35B731DC937DB0078225F /* UdacityClient.swift */ = {isa = PBXFileReference; fileEncoding = 4; lastKnownFileType = sourcecode.swift; path = UdacityClient.swift; sourceTree = "<group>"; };
		4CD35B751DC938650078225F /* UdacityConstants.swift */ = {isa = PBXFileReference; fileEncoding = 4; lastKnownFileType = sourcecode.swift; path = UdacityConstants.swift; sourceTree = "<group>"; };
		4CDAE3C81DD3817D004AFDAC /* SubmitButton.swift */ = {isa = PBXFileReference; fileEncoding = 4; lastKnownFileType = sourcecode.swift; path = SubmitButton.swift; sourceTree = "<group>"; };
		4CF50DB01DC2825F006E1894 /* LoginButton.swift */ = {isa = PBXFileReference; fileEncoding = 4; lastKnownFileType = sourcecode.swift; path = LoginButton.swift; sourceTree = "<group>"; };
		4CF7C6F91DD2455A003908BE /* RotateImage.swift */ = {isa = PBXFileReference; fileEncoding = 4; lastKnownFileType = sourcecode.swift; path = RotateImage.swift; sourceTree = "<group>"; };
		4CF7C6FB1DD288B5003908BE /* InformationPostingViewController.swift */ = {isa = PBXFileReference; fileEncoding = 4; lastKnownFileType = sourcecode.swift; path = InformationPostingViewController.swift; sourceTree = "<group>"; };
		4CF7C6FD1DD374BF003908BE /* FindOnMapButton.swift */ = {isa = PBXFileReference; fileEncoding = 4; lastKnownFileType = sourcecode.swift; path = FindOnMapButton.swift; sourceTree = "<group>"; };
		4CFAA4D91DCD183400AED165 /* StudentTableViewCell.swift */ = {isa = PBXFileReference; fileEncoding = 4; lastKnownFileType = sourcecode.swift; path = StudentTableViewCell.swift; sourceTree = "<group>"; };
		4CFCA3C11DD8E6CC004BDEFA /* UdacityConvienence.swift */ = {isa = PBXFileReference; fileEncoding = 4; lastKnownFileType = sourcecode.swift; path = UdacityConvienence.swift; sourceTree = "<group>"; };
/* End PBXFileReference section */

/* Begin PBXFrameworksBuildPhase section */
		4C96A46F1DC1A45A00139E5D /* Frameworks */ = {
			isa = PBXFrameworksBuildPhase;
			buildActionMask = 2147483647;
			files = (
			);
			runOnlyForDeploymentPostprocessing = 0;
		};
/* End PBXFrameworksBuildPhase section */

/* Begin PBXGroup section */
		4C6F4FE21DC68F9800908062 /* Model */ = {
			isa = PBXGroup;
			children = (
				4CA4A2FC1DC933AF004F80D2 /* Client */,
				4C83AA4F1DCBAF8A003478B4 /* Student.swift */,
				4C47ED571DD65FD200FC554B /* User.swift */,
			);
			name = Model;
			sourceTree = "<group>";
		};
		4C6F4FE31DC68FA400908062 /* View */ = {
			isa = PBXGroup;
			children = (
				4CF50DB01DC2825F006E1894 /* LoginButton.swift */,
				4CF7C6FD1DD374BF003908BE /* FindOnMapButton.swift */,
				4CFAA4D91DCD183400AED165 /* StudentTableViewCell.swift */,
				4CF7C6F91DD2455A003908BE /* RotateImage.swift */,
				4CDAE3C81DD3817D004AFDAC /* SubmitButton.swift */,
			);
			name = View;
			sourceTree = "<group>";
		};
		4C6F4FE41DC68FAA00908062 /* Controller */ = {
			isa = PBXGroup;
			children = (
				4CF7C6FB1DD288B5003908BE /* InformationPostingViewController.swift */,
				4C876F211DC2803200B21C65 /* LoginViewController.swift */,
				4C83AA4D1DCB9042003478B4 /* StudentMapViewController.swift */,
				4C6F4FE51DC692DF00908062 /* StudentTableViewController.swift */,
			);
			name = Controller;
			sourceTree = "<group>";
		};
		4C96A4691DC1A45900139E5D = {
			isa = PBXGroup;
			children = (
				4C96A4741DC1A45A00139E5D /* On The Map */,
				4C96A4731DC1A45A00139E5D /* Products */,
			);
			sourceTree = "<group>";
		};
		4C96A4731DC1A45A00139E5D /* Products */ = {
			isa = PBXGroup;
			children = (
				4C96A4721DC1A45A00139E5D /* On The Map.app */,
			);
			name = Products;
			sourceTree = "<group>";
		};
		4C96A4741DC1A45A00139E5D /* On The Map */ = {
			isa = PBXGroup;
			children = (
				4C96A4751DC1A45A00139E5D /* AppDelegate.swift */,
				4C6F4FE21DC68F9800908062 /* Model */,
				4C6F4FE31DC68FA400908062 /* View */,
				4C6F4FE41DC68FAA00908062 /* Controller */,
				4CA4A2FB1DC932CF004F80D2 /* Assets */,
				4C96A4811DC1A45A00139E5D /* Info.plist */,
			);
			path = "On The Map";
			sourceTree = "<group>";
		};
		4CA4A2FB1DC932CF004F80D2 /* Assets */ = {
			isa = PBXGroup;
			children = (
				4C96A4791DC1A45A00139E5D /* Main.storyboard */,
				4C96A47C1DC1A45A00139E5D /* Assets.xcassets */,
				4C96A47E1DC1A45A00139E5D /* LaunchScreen.storyboard */,
			);
			name = Assets;
			sourceTree = "<group>";
		};
		4CA4A2FC1DC933AF004F80D2 /* Client */ = {
			isa = PBXGroup;
			children = (
				4CA4A2FE1DC933C8004F80D2 /* FaceBook */,
				4CA4A2FD1DC933BF004F80D2 /* Udacity */,
			);
			name = Client;
			sourceTree = "<group>";
		};
		4CA4A2FD1DC933BF004F80D2 /* Udacity */ = {
			isa = PBXGroup;
			children = (
				4CD35B731DC937DB0078225F /* UdacityClient.swift */,
				4CD35B751DC938650078225F /* UdacityConstants.swift */,
				4CFCA3C11DD8E6CC004BDEFA /* UdacityConvienence.swift */,
			);
			name = Udacity;
			sourceTree = "<group>";
		};
		4CA4A2FE1DC933C8004F80D2 /* FaceBook */ = {
			isa = PBXGroup;
			children = (
			);
			name = FaceBook;
			sourceTree = "<group>";
		};
/* End PBXGroup section */

/* Begin PBXNativeTarget section */
		4C96A4711DC1A45A00139E5D /* On The Map */ = {
			isa = PBXNativeTarget;
			buildConfigurationList = 4C96A4841DC1A45A00139E5D /* Build configuration list for PBXNativeTarget "On The Map" */;
			buildPhases = (
				4C96A46E1DC1A45A00139E5D /* Sources */,
				4C96A46F1DC1A45A00139E5D /* Frameworks */,
				4C96A4701DC1A45A00139E5D /* Resources */,
			);
			buildRules = (
			);
			dependencies = (
			);
			name = "On The Map";
			productName = "On The Map";
			productReference = 4C96A4721DC1A45A00139E5D /* On The Map.app */;
			productType = "com.apple.product-type.application";
		};
/* End PBXNativeTarget section */

/* Begin PBXProject section */
		4C96A46A1DC1A45900139E5D /* Project object */ = {
			isa = PBXProject;
			attributes = {
				LastSwiftUpdateCheck = 0800;
				LastUpgradeCheck = 0810;
				ORGANIZATIONNAME = "MGK Technology Solutions, LLC";
				TargetAttributes = {
					4C96A4711DC1A45A00139E5D = {
						CreatedOnToolsVersion = 8.0;
						DevelopmentTeam = 8TF66VKJD2;
						ProvisioningStyle = Automatic;
					};
				};
			};
			buildConfigurationList = 4C96A46D1DC1A45900139E5D /* Build configuration list for PBXProject "On The Map" */;
			compatibilityVersion = "Xcode 3.2";
			developmentRegion = English;
			hasScannedForEncodings = 0;
			knownRegions = (
				en,
				Base,
			);
			mainGroup = 4C96A4691DC1A45900139E5D;
			productRefGroup = 4C96A4731DC1A45A00139E5D /* Products */;
			projectDirPath = "";
			projectRoot = "";
			targets = (
				4C96A4711DC1A45A00139E5D /* On The Map */,
			);
		};
/* End PBXProject section */

/* Begin PBXResourcesBuildPhase section */
		4C96A4701DC1A45A00139E5D /* Resources */ = {
			isa = PBXResourcesBuildPhase;
			buildActionMask = 2147483647;
			files = (
				4C96A4801DC1A45A00139E5D /* LaunchScreen.storyboard in Resources */,
				4C96A47D1DC1A45A00139E5D /* Assets.xcassets in Resources */,
				4C96A47B1DC1A45A00139E5D /* Main.storyboard in Resources */,
			);
			runOnlyForDeploymentPostprocessing = 0;
		};
/* End PBXResourcesBuildPhase section */

/* Begin PBXSourcesBuildPhase section */
		4C96A46E1DC1A45A00139E5D /* Sources */ = {
			isa = PBXSourcesBuildPhase;
			buildActionMask = 2147483647;
			files = (
				4C876F221DC2803200B21C65 /* LoginViewController.swift in Sources */,
				4CF50DB11DC2825F006E1894 /* LoginButton.swift in Sources */,
				4CD35B741DC937DB0078225F /* UdacityClient.swift in Sources */,
				4C6F4FE61DC692DF00908062 /* StudentTableViewController.swift in Sources */,
				4CFCA3C21DD8E6CC004BDEFA /* UdacityConvienence.swift in Sources */,
				4CF7C6FE1DD374BF003908BE /* FindOnMapButton.swift in Sources */,
				4CD35B761DC938650078225F /* UdacityConstants.swift in Sources */,
				4C47ED581DD65FD200FC554B /* User.swift in Sources */,
				4CFAA4DA1DCD183400AED165 /* StudentTableViewCell.swift in Sources */,
				4CF7C6FA1DD2455A003908BE /* RotateImage.swift in Sources */,
				4CDAE3C91DD3817D004AFDAC /* SubmitButton.swift in Sources */,
				4C83AA4E1DCB9042003478B4 /* StudentMapViewController.swift in Sources */,
				4C96A4761DC1A45A00139E5D /* AppDelegate.swift in Sources */,
				4CF7C6FC1DD288B5003908BE /* InformationPostingViewController.swift in Sources */,
				4C83AA501DCBAF8A003478B4 /* Student.swift in Sources */,
			);
			runOnlyForDeploymentPostprocessing = 0;
		};
/* End PBXSourcesBuildPhase section */

/* Begin PBXVariantGroup section */
		4C96A4791DC1A45A00139E5D /* Main.storyboard */ = {
			isa = PBXVariantGroup;
			children = (
				4C96A47A1DC1A45A00139E5D /* Base */,
			);
			name = Main.storyboard;
			sourceTree = "<group>";
		};
		4C96A47E1DC1A45A00139E5D /* LaunchScreen.storyboard */ = {
			isa = PBXVariantGroup;
			children = (
				4C96A47F1DC1A45A00139E5D /* Base */,
			);
			name = LaunchScreen.storyboard;
			sourceTree = "<group>";
		};
/* End PBXVariantGroup section */

/* Begin XCBuildConfiguration section */
		4C96A4821DC1A45A00139E5D /* Debug */ = {
			isa = XCBuildConfiguration;
			buildSettings = {
				ALWAYS_SEARCH_USER_PATHS = NO;
				CLANG_ANALYZER_NONNULL = YES;
				CLANG_CXX_LANGUAGE_STANDARD = "gnu++0x";
				CLANG_CXX_LIBRARY = "libc++";
				CLANG_ENABLE_MODULES = YES;
				CLANG_ENABLE_OBJC_ARC = YES;
				CLANG_WARN_BOOL_CONVERSION = YES;
				CLANG_WARN_CONSTANT_CONVERSION = YES;
				CLANG_WARN_DIRECT_OBJC_ISA_USAGE = YES_ERROR;
				CLANG_WARN_DOCUMENTATION_COMMENTS = YES;
				CLANG_WARN_EMPTY_BODY = YES;
				CLANG_WARN_ENUM_CONVERSION = YES;
				CLANG_WARN_INFINITE_RECURSION = YES;
				CLANG_WARN_INT_CONVERSION = YES;
				CLANG_WARN_OBJC_ROOT_CLASS = YES_ERROR;
				CLANG_WARN_SUSPICIOUS_MOVE = YES;
				CLANG_WARN_SUSPICIOUS_MOVES = YES;
				CLANG_WARN_UNREACHABLE_CODE = YES;
				CLANG_WARN__DUPLICATE_METHOD_MATCH = YES;
				"CODE_SIGN_IDENTITY[sdk=iphoneos*]" = "iPhone Developer";
				COPY_PHASE_STRIP = NO;
				DEBUG_INFORMATION_FORMAT = dwarf;
				ENABLE_STRICT_OBJC_MSGSEND = YES;
				ENABLE_TESTABILITY = YES;
				GCC_C_LANGUAGE_STANDARD = gnu99;
				GCC_DYNAMIC_NO_PIC = NO;
				GCC_NO_COMMON_BLOCKS = YES;
				GCC_OPTIMIZATION_LEVEL = 0;
				GCC_PREPROCESSOR_DEFINITIONS = (
					"DEBUG=1",
					"$(inherited)",
				);
				GCC_WARN_64_TO_32_BIT_CONVERSION = YES;
				GCC_WARN_ABOUT_RETURN_TYPE = YES_ERROR;
				GCC_WARN_UNDECLARED_SELECTOR = YES;
				GCC_WARN_UNINITIALIZED_AUTOS = YES_AGGRESSIVE;
				GCC_WARN_UNUSED_FUNCTION = YES;
				GCC_WARN_UNUSED_VARIABLE = YES;
				IPHONEOS_DEPLOYMENT_TARGET = 9.0;
				MTL_ENABLE_DEBUG_INFO = YES;
				ONLY_ACTIVE_ARCH = YES;
				SDKROOT = iphoneos;
				SWIFT_ACTIVE_COMPILATION_CONDITIONS = DEBUG;
				SWIFT_OPTIMIZATION_LEVEL = "-Onone";
			};
			name = Debug;
		};
		4C96A4831DC1A45A00139E5D /* Release */ = {
			isa = XCBuildConfiguration;
			buildSettings = {
				ALWAYS_SEARCH_USER_PATHS = NO;
				CLANG_ANALYZER_NONNULL = YES;
				CLANG_CXX_LANGUAGE_STANDARD = "gnu++0x";
				CLANG_CXX_LIBRARY = "libc++";
				CLANG_ENABLE_MODULES = YES;
				CLANG_ENABLE_OBJC_ARC = YES;
				CLANG_WARN_BOOL_CONVERSION = YES;
				CLANG_WARN_CONSTANT_CONVERSION = YES;
				CLANG_WARN_DIRECT_OBJC_ISA_USAGE = YES_ERROR;
				CLANG_WARN_DOCUMENTATION_COMMENTS = YES;
				CLANG_WARN_EMPTY_BODY = YES;
				CLANG_WARN_ENUM_CONVERSION = YES;
				CLANG_WARN_INFINITE_RECURSION = YES;
				CLANG_WARN_INT_CONVERSION = YES;
				CLANG_WARN_OBJC_ROOT_CLASS = YES_ERROR;
				CLANG_WARN_SUSPICIOUS_MOVE = YES;
				CLANG_WARN_SUSPICIOUS_MOVES = YES;
				CLANG_WARN_UNREACHABLE_CODE = YES;
				CLANG_WARN__DUPLICATE_METHOD_MATCH = YES;
				"CODE_SIGN_IDENTITY[sdk=iphoneos*]" = "iPhone Developer";
				COPY_PHASE_STRIP = NO;
				DEBUG_INFORMATION_FORMAT = "dwarf-with-dsym";
				ENABLE_NS_ASSERTIONS = NO;
				ENABLE_STRICT_OBJC_MSGSEND = YES;
				GCC_C_LANGUAGE_STANDARD = gnu99;
				GCC_NO_COMMON_BLOCKS = YES;
				GCC_WARN_64_TO_32_BIT_CONVERSION = YES;
				GCC_WARN_ABOUT_RETURN_TYPE = YES_ERROR;
				GCC_WARN_UNDECLARED_SELECTOR = YES;
				GCC_WARN_UNINITIALIZED_AUTOS = YES_AGGRESSIVE;
				GCC_WARN_UNUSED_FUNCTION = YES;
				GCC_WARN_UNUSED_VARIABLE = YES;
				IPHONEOS_DEPLOYMENT_TARGET = 9.0;
				MTL_ENABLE_DEBUG_INFO = NO;
				SDKROOT = iphoneos;
				SWIFT_OPTIMIZATION_LEVEL = "-Owholemodule";
				VALIDATE_PRODUCT = YES;
			};
			name = Release;
		};
		4C96A4851DC1A45A00139E5D /* Debug */ = {
			isa = XCBuildConfiguration;
			buildSettings = {
				ASSETCATALOG_COMPILER_APPICON_NAME = AppIcon;
				DEVELOPMENT_TEAM = 8TF66VKJD2;
				INFOPLIST_FILE = "On The Map/Info.plist";
				IPHONEOS_DEPLOYMENT_TARGET = 9.0;
				LD_RUNPATH_SEARCH_PATHS = "$(inherited) @executable_path/Frameworks";
				PRODUCT_BUNDLE_IDENTIFIER = "com.mgktechsolutions.On-The-Map";
				PRODUCT_NAME = "$(TARGET_NAME)";
				SWIFT_VERSION = 2.3;
			};
			name = Debug;
		};
		4C96A4861DC1A45A00139E5D /* Release */ = {
			isa = XCBuildConfiguration;
			buildSettings = {
				ASSETCATALOG_COMPILER_APPICON_NAME = AppIcon;
				DEVELOPMENT_TEAM = 8TF66VKJD2;
				INFOPLIST_FILE = "On The Map/Info.plist";
				IPHONEOS_DEPLOYMENT_TARGET = 9.0;
				LD_RUNPATH_SEARCH_PATHS = "$(inherited) @executable_path/Frameworks";
				PRODUCT_BUNDLE_IDENTIFIER = "com.mgktechsolutions.On-The-Map";
				PRODUCT_NAME = "$(TARGET_NAME)";
				SWIFT_VERSION = 2.3;
			};
			name = Release;
		};
/* End XCBuildConfiguration section */

/* Begin XCConfigurationList section */
		4C96A46D1DC1A45900139E5D /* Build configuration list for PBXProject "On The Map" */ = {
			isa = XCConfigurationList;
			buildConfigurations = (
				4C96A4821DC1A45A00139E5D /* Debug */,
				4C96A4831DC1A45A00139E5D /* Release */,
			);
			defaultConfigurationIsVisible = 0;
			defaultConfigurationName = Release;
		};
		4C96A4841DC1A45A00139E5D /* Build configuration list for PBXNativeTarget "On The Map" */ = {
			isa = XCConfigurationList;
			buildConfigurations = (
				4C96A4851DC1A45A00139E5D /* Debug */,
				4C96A4861DC1A45A00139E5D /* Release */,
			);
			defaultConfigurationIsVisible = 0;
			defaultConfigurationName = Release;
		};
/* End XCConfigurationList section */
	};
	rootObject = 4C96A46A1DC1A45900139E5D /* Project object */;
}
